# This file is automatically @generated by Cargo.
# It is not intended for manual editing.
version = 4

[[package]]
name = "pyth-codegen-x86_64"
version = "0.1.0"

[[package]]
name = "pyth-tig-tool"
version = "0.1.0"
dependencies = [
 "pythos-shared",
]

[[package]]
name = "pythc"
version = "0.1.0"
dependencies = [
 "pythos-shared",
]

[[package]]
name = "pythos-boot"
version = "0.1.0"
dependencies = [
 "pythos-shared",
]

[[package]]
name = "pythos-core"
version = "0.1.0"
dependencies = [
 "pythos-shared",
]

[[package]]
name = "pythos-shared"
version = "0.1.0"

[[package]]
name = "pythos-user-pyth-runtime"
version = "0.1.0"
dependencies = [
 "pythos-shared",
]

[[package]]
name = "pythos-user-shell"
version = "0.1.0"
dependencies = [
 "pythos-shared",
]
