# This file is automatically @generated by Cargo.
# It is not intended for manual editing.
version = 4

[[package]]
name = "pythos-boot"
version = "0.1.0"
dependencies = [
 "pythos-shared",
]

[[package]]
name = "pythos-core"
version = "0.1.0"
dependencies = [
 "pythos-shared",
]

[[package]]
name = "pythos-shared"
version = "0.1.0"
